
Microsoft Visual Studio Solution File, Format Version 12.00
# Visual Studio 2013
VisualStudioVersion = 12.0.40629.0
MinimumVisualStudioVersion = 10.0.40219.1
Project("{FAE04EC0-301F-11D3-BF4B-00C04F79EFBC}") = "web-triad-ui", "web-triad-ui\web-triad-ui.csproj", "{214A27EF-C746-44E0-B7C0-4A859F9912AF}"
EndProject
Global
	GlobalSection(SolutionConfigurationPlatforms) = preSolution
		Debug|Any CPU = Debug|Any CPU
		Release|Any CPU = Release|Any CPU
	EndGlobalSection
	GlobalSection(ProjectConfigurationPlatforms) = postSolution
		{214A27EF-C746-44E0-B7C0-4A859F9912AF}.Debug|Any CPU.ActiveCfg = Debug|Any CPU
		{214A27EF-C746-44E0-B7C0-4A859F9912AF}.Debug|Any CPU.Build.0 = Debug|Any CPU
		{214A27EF-C746-44E0-B7C0-4A859F9912AF}.Release|Any CPU.ActiveCfg = Release|Any CPU
		{214A27EF-C746-44E0-B7C0-4A859F9912AF}.Release|Any CPU.Build.0 = Release|Any CPU
	EndGlobalSection
	GlobalSection(SolutionProperties) = preSolution
		HideSolutionNode = FALSE
	EndGlobalSection
EndGlobal
